
Microsoft Visual Studio Solution File, Format Version 12.00
# Visual Studio Version 17
VisualStudioVersion = 17.14.36811.4 d17.14
MinimumVisualStudioVersion = 10.0.40219.1
Project("{FAE04EC0-301F-11D3-BF4B-00C04F79EFBC}") = "JavaSwitcher", "JavaSwitcher\JavaSwitcher.csproj", "{B7A9F51B-4ECB-4C67-B085-6EF0B0D98417}"
EndProject
Global
	GlobalSection(SolutionConfigurationPlatforms) = preSolution
		Debug|Any CPU = Debug|Any CPU
		Release|Any CPU = Release|Any CPU
	EndGlobalSection
	GlobalSection(ProjectConfigurationPlatforms) = postSolution
		{B7A9F51B-4ECB-4C67-B085-6EF0B0D98417}.Debug|Any CPU.ActiveCfg = Debug|Any CPU
		{B7A9F51B-4ECB-4C67-B085-6EF0B0D98417}.Debug|Any CPU.Build.0 = Debug|Any CPU
		{B7A9F51B-4ECB-4C67-B085-6EF0B0D98417}.Release|Any CPU.ActiveCfg = Release|Any CPU
		{B7A9F51B-4ECB-4C67-B085-6EF0B0D98417}.Release|Any CPU.Build.0 = Release|Any CPU
	EndGlobalSection
	GlobalSection(SolutionProperties) = preSolution
		HideSolutionNode = FALSE
	EndGlobalSection
	GlobalSection(ExtensibilityGlobals) = postSolution
		SolutionGuid = {7BE131C7-01DF-4B28-A9B3-7C6F8EEAC896}
	EndGlobalSection
EndGlobal
